<?xml version="1.0" encoding="UTF-8" standalone="yes" ?>
<CodeBlocks_project_file>
	<FileVersion major="1" minor="6" />
	<Project>
		<Option title="StrongAI" />
		<Option pch_mode="2" />
		<Option compiler="gcc" />
		<Build>
			<Target title="Test">
				<Option output="bin/Test/Test" prefix_auto="1" extension_auto="1" />
				<Option working_dir="bin/Test" />
				<Option object_output="obj/" />
				<Option type="1" />
				<Option compiler="gcc" />
				<Linker>
					<Add library="lib/UnitTest++/libUnitTest++.a" />
				</Linker>
				<ExtraCommands>
					<Add after="$exe_output" />
					<Mode after="always" />
				</ExtraCommands>
			</Target>
			<Target title="DarwinAI">
				<Option output="bin/DarwinAI/DarwinAI" prefix_auto="1" extension_auto="1" />
				<Option working_dir="bin/DarwinAI" />
				<Option object_output="obj/" />
				<Option type="1" />
				<Option compiler="gcc" />
			</Target>
			<Target title="NeuralNetAI">
				<Option output="bin/NeuralNetAI/NeuralNetAI" prefix_auto="1" extension_auto="1" />
				<Option working_dir="bin/NeuralNetAI" />
				<Option object_output="obj/" />
				<Option type="1" />
				<Option compiler="gcc" />
			</Target>
			<Target title="CaseBasedAI">
				<Option output="bin/CaseBasedAI/CaseBasedAI" prefix_auto="1" extension_auto="1" />
				<Option working_dir="bin/CaseBasedAI" />
				<Option object_output="obj/" />
				<Option type="1" />
				<Option compiler="gcc" />
			</Target>
			<Target title="HumanAI">
				<Option output="bin/HumanAI/HumanAI" prefix_auto="1" extension_auto="1" />
				<Option working_dir="bin/HumanAI" />
				<Option object_output="obj/" />
				<Option type="1" />
				<Option compiler="gcc" />
			</Target>
			<Target title="RandomAI">
				<Option output="bin/RandomAI/RandomAI" prefix_auto="1" extension_auto="1" />
				<Option working_dir="bin/RandomAI" />
				<Option object_output="obj/" />
				<Option type="1" />
				<Option compiler="gcc" />
			</Target>
			<Target title="DarwinTicTacToe">
				<Option output="bin/DarwinTicTacToe/DarwinTicTacToe" prefix_auto="1" extension_auto="1" />
				<Option working_dir="bin/DarwinTicTacToe" />
				<Option object_output="obj/" />
				<Option type="1" />
				<Option compiler="gcc" />
			</Target>
			<Target title="TicTacToe">
				<Option output="bin/TicTacToe/TicTacToe" prefix_auto="1" extension_auto="1" />
				<Option working_dir="bin/TicTacToe" />
				<Option object_output="obj/" />
				<Option type="1" />
				<Option compiler="gcc" />
			</Target>
		</Build>
		<Compiler>
			<Add option="-O2" />
			<Add directory="include" />
		</Compiler>
		<Linker>
			<Add option="-s" />
		</Linker>
		<Unit filename="include/StrongAI/AI/CaseBasedAI/CaseBasedAI.hpp">
			<Option target="CaseBasedAI" />
			<Option target="TicTacToe" />
			<Option target="Test" />
		</Unit>
		<Unit filename="include/StrongAI/AI/DarwinAI/DarwinAI.hpp">
			<Option target="DarwinAI" />
			<Option target="DarwinTicTacToe" />
			<Option target="Test" />
		</Unit>
		<Unit filename="include/StrongAI/AI/GeneralAI/GeneralAI.hpp" />
		<Unit filename="include/StrongAI/AI/HumanAI/HumanAI.hpp">
			<Option target="HumanAI" />
			<Option target="TicTacToe" />
			<Option target="DarwinTicTacToe" />
			<Option target="NeuralNetAI" />
			<Option target="Test" />
		</Unit>
		<Unit filename="include/StrongAI/AI/NeuralNetAI/NeuralNetAI.hpp">
			<Option target="DarwinTicTacToe" />
			<Option target="DarwinAI" />
			<Option target="NeuralNetAI" />
			<Option target="Test" />
		</Unit>
		<Unit filename="include/StrongAI/AI/RandomAI/RandomAI.hpp">
			<Option target="RandomAI" />
			<Option target="Test" />
		</Unit>
		<Unit filename="include/StrongAI/World/DarwinTicTacToe/TicTacToe.hpp">
			<Option target="DarwinTicTacToe" />
		</Unit>
		<Unit filename="include/StrongAI/World/DarwinTicTacToe/TicTacToeHuman.hpp">
			<Option target="DarwinTicTacToe" />
		</Unit>
		<Unit filename="include/StrongAI/World/TicTacToe/TicTacToe.hpp">
			<Option target="TicTacToe" />
		</Unit>
		<Unit filename="include/StrongAI/World/TicTacToe/TicTacToeHuman.hpp">
			<Option target="TicTacToe" />
		</Unit>
		<Unit filename="source/StrongAI/AI/CaseBasedAI/CaseBasedAI.cpp">
			<Option target="CaseBasedAI" />
			<Option target="TicTacToe" />
			<Option target="Test" />
		</Unit>
		<Unit filename="source/StrongAI/AI/CaseBasedAI/main.cpp">
			<Option target="CaseBasedAI" />
		</Unit>
		<Unit filename="source/StrongAI/AI/DarwinAI/DarwinAI.cpp">
			<Option target="DarwinAI" />
			<Option target="DarwinTicTacToe" />
			<Option target="Test" />
		</Unit>
		<Unit filename="source/StrongAI/AI/DarwinAI/main.cpp">
			<Option target="DarwinAI" />
		</Unit>
		<Unit filename="source/StrongAI/AI/GeneralAI/GeneralAI.cpp" />
		<Unit filename="source/StrongAI/AI/HumanAI/HumanAI.cpp">
			<Option target="HumanAI" />
			<Option target="TicTacToe" />
			<Option target="DarwinTicTacToe" />
			<Option target="NeuralNetAI" />
			<Option target="Test" />
		</Unit>
		<Unit filename="source/StrongAI/AI/HumanAI/main.cpp">
			<Option target="HumanAI" />
		</Unit>
		<Unit filename="source/StrongAI/AI/NeuralNetAI/NeuralNetAI.cpp">
			<Option target="NeuralNetAI" />
			<Option target="DarwinTicTacToe" />
			<Option target="DarwinAI" />
			<Option target="Test" />
		</Unit>
		<Unit filename="source/StrongAI/AI/NeuralNetAI/main.cpp">
			<Option target="NeuralNetAI" />
		</Unit>
		<Unit filename="source/StrongAI/AI/RandomAI/RandomAI.cpp">
			<Option target="RandomAI" />
			<Option target="Test" />
		</Unit>
		<Unit filename="source/StrongAI/AI/RandomAI/main.cpp">
			<Option target="RandomAI" />
		</Unit>
		<Unit filename="source/StrongAI/World/DarwinTicTacToe/TicTacToe.cpp">
			<Option target="DarwinTicTacToe" />
		</Unit>
		<Unit filename="source/StrongAI/World/DarwinTicTacToe/TicTacToeHuman.cpp">
			<Option target="DarwinTicTacToe" />
		</Unit>
		<Unit filename="source/StrongAI/World/DarwinTicTacToe/main.cpp">
			<Option target="DarwinTicTacToe" />
		</Unit>
		<Unit filename="source/StrongAI/World/TicTacToe/TicTacToe.cpp">
			<Option target="TicTacToe" />
		</Unit>
		<Unit filename="source/StrongAI/World/TicTacToe/TicTacToeHuman.cpp">
			<Option target="TicTacToe" />
		</Unit>
		<Unit filename="source/StrongAI/World/TicTacToe/main.cpp">
			<Option target="TicTacToe" />
		</Unit>
		<Unit filename="test/GeneralAITest.cpp">
			<Option target="Test" />
		</Unit>
		<Unit filename="test/RandomAITest.cpp">
			<Option target="Test" />
		</Unit>
		<Unit filename="test/SanityTest.cpp">
			<Option target="Test" />
		</Unit>
		<Unit filename="test/main.cpp">
			<Option target="Test" />
		</Unit>
		<Extensions>
			<code_completion />
			<envvars />
			<debugger />
			<lib_finder disable_auto="1" />
		</Extensions>
	</Project>
</CodeBlocks_project_file>
